
Microsoft Visual Studio Solution File, Format Version 12.00
# Visual Studio Version 16
VisualStudioVersion = 16.0.31402.337
MinimumVisualStudioVersion = 10.0.40219.1
Project("{FAE04EC0-301F-11D3-BF4B-00C04F79EFBC}") = "TextGenerator", "TextGenerator\TextGenerator.csproj", "{00FF2178-571C-42F0-B24E-5B05965D08E8}"
EndProject
Project("{FAE04EC0-301F-11D3-BF4B-00C04F79EFBC}") = "TestProject", "TestProject\TestProject.csproj", "{D926ED06-3D09-46B3-A7FF-26F065ACA3DF}"
EndProject
Global
	GlobalSection(SolutionConfigurationPlatforms) = preSolution
		Debug|Any CPU = Debug|Any CPU
		Release|Any CPU = Release|Any CPU
	EndGlobalSection
	GlobalSection(ProjectConfigurationPlatforms) = postSolution
		{00FF2178-571C-42F0-B24E-5B05965D08E8}.Debug|Any CPU.ActiveCfg = Debug|Any CPU
		{00FF2178-571C-42F0-B24E-5B05965D08E8}.Debug|Any CPU.Build.0 = Debug|Any CPU
		{00FF2178-571C-42F0-B24E-5B05965D08E8}.Release|Any CPU.ActiveCfg = Release|Any CPU
		{00FF2178-571C-42F0-B24E-5B05965D08E8}.Release|Any CPU.Build.0 = Release|Any CPU
		{D926ED06-3D09-46B3-A7FF-26F065ACA3DF}.Debug|Any CPU.ActiveCfg = Debug|Any CPU
		{D926ED06-3D09-46B3-A7FF-26F065ACA3DF}.Debug|Any CPU.Build.0 = Debug|Any CPU
		{D926ED06-3D09-46B3-A7FF-26F065ACA3DF}.Release|Any CPU.ActiveCfg = Release|Any CPU
		{D926ED06-3D09-46B3-A7FF-26F065ACA3DF}.Release|Any CPU.Build.0 = Release|Any CPU
	EndGlobalSection
	GlobalSection(SolutionProperties) = preSolution
		HideSolutionNode = FALSE
	EndGlobalSection
	GlobalSection(ExtensibilityGlobals) = postSolution
		SolutionGuid = {BA045035-0FA7-4DDD-8FF4-062023F2BC2B}
	EndGlobalSection
EndGlobal
